
Microsoft Visual Studio Solution File, Format Version 12.00
Project("{FAE04EC0-301F-11D3-BF4B-00C04F79EFBC}") = "binary_serialization", "binary_serialization.csproj", "{C9143D02-86F9-42EE-A2F1-12C3A518C5ED}"
EndProject
Global
	GlobalSection(SolutionConfigurationPlatforms) = preSolution
		Debug|Any CPU = Debug|Any CPU
		Release|Any CPU = Release|Any CPU
	EndGlobalSection
	GlobalSection(ProjectConfigurationPlatforms) = postSolution
		{C9143D02-86F9-42EE-A2F1-12C3A518C5ED}.Debug|Any CPU.ActiveCfg = Debug|Any CPU
		{C9143D02-86F9-42EE-A2F1-12C3A518C5ED}.Debug|Any CPU.Build.0 = Debug|Any CPU
		{C9143D02-86F9-42EE-A2F1-12C3A518C5ED}.Release|Any CPU.ActiveCfg = Release|Any CPU
		{C9143D02-86F9-42EE-A2F1-12C3A518C5ED}.Release|Any CPU.Build.0 = Release|Any CPU
	EndGlobalSection
EndGlobal
